
Microsoft Visual Studio Solution File, Format Version 12.00
# Visual Studio 15
VisualStudioVersion = 15.0.28307.271
MinimumVisualStudioVersion = 10.0.40219.1
Project("{FAE04EC0-301F-11D3-BF4B-00C04F79EFBC}") = "BursUI", "BursUI\BursUI.csproj", "{0508CAD2-BA40-4845-8DB8-5D58A2073EE0}"
EndProject
Global
	GlobalSection(SolutionConfigurationPlatforms) = preSolution
		Debug|Any CPU = Debug|Any CPU
		Release|Any CPU = Release|Any CPU
	EndGlobalSection
	GlobalSection(ProjectConfigurationPlatforms) = postSolution
		{0508CAD2-BA40-4845-8DB8-5D58A2073EE0}.Debug|Any CPU.ActiveCfg = Debug|Any CPU
		{0508CAD2-BA40-4845-8DB8-5D58A2073EE0}.Debug|Any CPU.Build.0 = Debug|Any CPU
		{0508CAD2-BA40-4845-8DB8-5D58A2073EE0}.Release|Any CPU.ActiveCfg = Release|Any CPU
		{0508CAD2-BA40-4845-8DB8-5D58A2073EE0}.Release|Any CPU.Build.0 = Release|Any CPU
	EndGlobalSection
	GlobalSection(SolutionProperties) = preSolution
		HideSolutionNode = FALSE
	EndGlobalSection
	GlobalSection(ExtensibilityGlobals) = postSolution
		SolutionGuid = {26CC1CEC-B4FC-4353-B1E3-EC33C5E94317}
	EndGlobalSection
EndGlobal
